// !$*UTF8*$!
{
	archiveVersion = 1;
	classes = {
	};
	objectVersion = 55;
	objects = {

/* Begin PBXBuildFile section */
		1E33797228362BCA00041E1D /* SplashScreen.swift in Sources */ = {isa = PBXBuildFile; fileRef = 1E33797128362BCA00041E1D /* SplashScreen.swift */; };
		1E33797428362EE400041E1D /* GetMonthsViewModel.swift in Sources */ = {isa = PBXBuildFile; fileRef = 1E33797328362EE400041E1D /* GetMonthsViewModel.swift */; };
		1E33797A28368B3900041E1D /* InlineSpendingView.swift in Sources */ = {isa = PBXBuildFile; fileRef = 1E33797928368B3900041E1D /* InlineSpendingView.swift */; };
		1E5B2D34282FD80200D3F5F0 /* SlediPariApp.swift in Sources */ = {isa = PBXBuildFile; fileRef = 1E5B2D33282FD80200D3F5F0 /* SlediPariApp.swift */; };
		1E5B2D36282FD80200D3F5F0 /* ContentView.swift in Sources */ = {isa = PBXBuildFile; fileRef = 1E5B2D35282FD80200D3F5F0 /* ContentView.swift */; };
		1E5B2D38282FD80700D3F5F0 /* Assets.xcassets in Resources */ = {isa = PBXBuildFile; fileRef = 1E5B2D37282FD80700D3F5F0 /* Assets.xcassets */; };
		1E5B2D3B282FD80700D3F5F0 /* Preview Assets.xcassets in Resources */ = {isa = PBXBuildFile; fileRef = 1E5B2D3A282FD80700D3F5F0 /* Preview Assets.xcassets */; };
		1E5B2D3D282FD80700D3F5F0 /* Persistence.swift in Sources */ = {isa = PBXBuildFile; fileRef = 1E5B2D3C282FD80700D3F5F0 /* Persistence.swift */; };
		1E5B2D40282FD80700D3F5F0 /* SlediPari.xcdatamodeld in Sources */ = {isa = PBXBuildFile; fileRef = 1E5B2D3E282FD80700D3F5F0 /* SlediPari.xcdatamodeld */; };
		1E5B2D4A282FD80700D3F5F0 /* SlediPariTests.swift in Sources */ = {isa = PBXBuildFile; fileRef = 1E5B2D49282FD80700D3F5F0 /* SlediPariTests.swift */; };
		1E5B2D54282FD80800D3F5F0 /* SlediPariUITests.swift in Sources */ = {isa = PBXBuildFile; fileRef = 1E5B2D53282FD80800D3F5F0 /* SlediPariUITests.swift */; };
		1E5B2D56282FD80800D3F5F0 /* SlediPariUITestsLaunchTests.swift in Sources */ = {isa = PBXBuildFile; fileRef = 1E5B2D55282FD80800D3F5F0 /* SlediPariUITestsLaunchTests.swift */; };
		1E5B2D65282FD94A00D3F5F0 /* MonthDTO.swift in Sources */ = {isa = PBXBuildFile; fileRef = 1E5B2D64282FD94A00D3F5F0 /* MonthDTO.swift */; };
		1E5B2D69282FE19F00D3F5F0 /* Constants.swift in Sources */ = {isa = PBXBuildFile; fileRef = 1E5B2D68282FE19F00D3F5F0 /* Constants.swift */; };
		1E5B2D6C282FE45900D3F5F0 /* MonthApi.swift in Sources */ = {isa = PBXBuildFile; fileRef = 1E5B2D6B282FE45900D3F5F0 /* MonthApi.swift */; };
		1E5B2D7028304B0400D3F5F0 /* MonthView.swift in Sources */ = {isa = PBXBuildFile; fileRef = 1E5B2D6F28304B0400D3F5F0 /* MonthView.swift */; };
		1E5B2D722830507500D3F5F0 /* Extensions.swift in Sources */ = {isa = PBXBuildFile; fileRef = 1E5B2D712830507500D3F5F0 /* Extensions.swift */; };
		1E5B2D752830551200D3F5F0 /* MonthService.swift in Sources */ = {isa = PBXBuildFile; fileRef = 1E5B2D742830551200D3F5F0 /* MonthService.swift */; };
		1E5B2D772830CEA000D3F5F0 /* MonthsViewModel.swift in Sources */ = {isa = PBXBuildFile; fileRef = 1E5B2D762830CEA000D3F5F0 /* MonthsViewModel.swift */; };
		1E5B2D792831986A00D3F5F0 /* PieChartView.swift in Sources */ = {isa = PBXBuildFile; fileRef = 1E5B2D782831986A00D3F5F0 /* PieChartView.swift */; };
		1EE457162833E09200ACE78F /* Month.swift in Sources */ = {isa = PBXBuildFile; fileRef = 1EE457152833E09200ACE78F /* Month.swift */; };
		1EE4571A2834D78E00ACE78F /* Localizable-Eng.strings in Resources */ = {isa = PBXBuildFile; fileRef = 1EE4571C2834D78E00ACE78F /* Localizable-Eng.strings */; };
		1EE4571F2834D83E00ACE78F /* Localizable-Bg.strings in Resources */ = {isa = PBXBuildFile; fileRef = 1EE4571E2834D83E00ACE78F /* Localizable-Bg.strings */; };
/* End PBXBuildFile section */

/* Begin PBXContainerItemProxy section */
		1E5B2D46282FD80700D3F5F0 /* PBXContainerItemProxy */ = {
			isa = PBXContainerItemProxy;
			containerPortal = 1E5B2D28282FD80200D3F5F0 /* Project object */;
			proxyType = 1;
			remoteGlobalIDString = 1E5B2D2F282FD80200D3F5F0;
			remoteInfo = SlediPari;
		};
		1E5B2D50282FD80800D3F5F0 /* PBXContainerItemProxy */ = {
			isa = PBXContainerItemProxy;
			containerPortal = 1E5B2D28282FD80200D3F5F0 /* Project object */;
			proxyType = 1;
			remoteGlobalIDString = 1E5B2D2F282FD80200D3F5F0;
			remoteInfo = SlediPari;
		};
/* End PBXContainerItemProxy section */

/* Begin PBXFileReference section */
		1E33797128362BCA00041E1D /* SplashScreen.swift */ = {isa = PBXFileReference; lastKnownFileType = sourcecode.swift; path = SplashScreen.swift; sourceTree = "<group>"; };
		1E33797328362EE400041E1D /* GetMonthsViewModel.swift */ = {isa = PBXFileReference; lastKnownFileType = sourcecode.swift; path = GetMonthsViewModel.swift; sourceTree = "<group>"; };
		1E33797928368B3900041E1D /* InlineSpendingView.swift */ = {isa = PBXFileReference; lastKnownFileType = sourcecode.swift; path = InlineSpendingView.swift; sourceTree = "<group>"; };
		1E5B2D30282FD80200D3F5F0 /* SlediPari.app */ = {isa = PBXFileReference; explicitFileType = wrapper.application; includeInIndex = 0; path = SlediPari.app; sourceTree = BUILT_PRODUCTS_DIR; };
		1E5B2D33282FD80200D3F5F0 /* SlediPariApp.swift */ = {isa = PBXFileReference; lastKnownFileType = sourcecode.swift; path = SlediPariApp.swift; sourceTree = "<group>"; };
		1E5B2D35282FD80200D3F5F0 /* ContentView.swift */ = {isa = PBXFileReference; lastKnownFileType = sourcecode.swift; path = ContentView.swift; sourceTree = "<group>"; };
		1E5B2D37282FD80700D3F5F0 /* Assets.xcassets */ = {isa = PBXFileReference; lastKnownFileType = folder.assetcatalog; path = Assets.xcassets; sourceTree = "<group>"; };
		1E5B2D3A282FD80700D3F5F0 /* Preview Assets.xcassets */ = {isa = PBXFileReference; lastKnownFileType = folder.assetcatalog; path = "Preview Assets.xcassets"; sourceTree = "<group>"; };
		1E5B2D3C282FD80700D3F5F0 /* Persistence.swift */ = {isa = PBXFileReference; lastKnownFileType = sourcecode.swift; path = Persistence.swift; sourceTree = "<group>"; };
		1E5B2D3F282FD80700D3F5F0 /* SlediPari.xcdatamodel */ = {isa = PBXFileReference; lastKnownFileType = wrapper.xcdatamodel; path = SlediPari.xcdatamodel; sourceTree = "<group>"; };
		1E5B2D45282FD80700D3F5F0 /* SlediPariTests.xctest */ = {isa = PBXFileReference; explicitFileType = wrapper.cfbundle; includeInIndex = 0; path = SlediPariTests.xctest; sourceTree = BUILT_PRODUCTS_DIR; };
		1E5B2D49282FD80700D3F5F0 /* SlediPariTests.swift */ = {isa = PBXFileReference; lastKnownFileType = sourcecode.swift; path = SlediPariTests.swift; sourceTree = "<group>"; };
		1E5B2D4F282FD80800D3F5F0 /* SlediPariUITests.xctest */ = {isa = PBXFileReference; explicitFileType = wrapper.cfbundle; includeInIndex = 0; path = SlediPariUITests.xctest; sourceTree = BUILT_PRODUCTS_DIR; };
		1E5B2D53282FD80800D3F5F0 /* SlediPariUITests.swift */ = {isa = PBXFileReference; lastKnownFileType = sourcecode.swift; path = SlediPariUITests.swift; sourceTree = "<group>"; };
		1E5B2D55282FD80800D3F5F0 /* SlediPariUITestsLaunchTests.swift */ = {isa = PBXFileReference; lastKnownFileType = sourcecode.swift; path = SlediPariUITestsLaunchTests.swift; sourceTree = "<group>"; };
		1E5B2D64282FD94A00D3F5F0 /* MonthDTO.swift */ = {isa = PBXFileReference; lastKnownFileType = sourcecode.swift; path = MonthDTO.swift; sourceTree = "<group>"; };
		1E5B2D68282FE19F00D3F5F0 /* Constants.swift */ = {isa = PBXFileReference; lastKnownFileType = sourcecode.swift; path = Constants.swift; sourceTree = "<group>"; };
		1E5B2D6B282FE45900D3F5F0 /* MonthApi.swift */ = {isa = PBXFileReference; lastKnownFileType = sourcecode.swift; path = MonthApi.swift; sourceTree = "<group>"; };
		1E5B2D6F28304B0400D3F5F0 /* MonthView.swift */ = {isa = PBXFileReference; lastKnownFileType = sourcecode.swift; path = MonthView.swift; sourceTree = "<group>"; };
		1E5B2D712830507500D3F5F0 /* Extensions.swift */ = {isa = PBXFileReference; lastKnownFileType = sourcecode.swift; path = Extensions.swift; sourceTree = "<group>"; };
		1E5B2D742830551200D3F5F0 /* MonthService.swift */ = {isa = PBXFileReference; lastKnownFileType = sourcecode.swift; path = MonthService.swift; sourceTree = "<group>"; };
		1E5B2D762830CEA000D3F5F0 /* MonthsViewModel.swift */ = {isa = PBXFileReference; lastKnownFileType = sourcecode.swift; path = MonthsViewModel.swift; sourceTree = "<group>"; };
		1E5B2D782831986A00D3F5F0 /* PieChartView.swift */ = {isa = PBXFileReference; lastKnownFileType = sourcecode.swift; path = PieChartView.swift; sourceTree = "<group>"; };
		1EE457152833E09200ACE78F /* Month.swift */ = {isa = PBXFileReference; lastKnownFileType = sourcecode.swift; path = Month.swift; sourceTree = "<group>"; };
		1EE4571B2834D78E00ACE78F /* en */ = {isa = PBXFileReference; lastKnownFileType = text.plist.strings; name = en; path = "en.lproj/Localizable-Eng.strings"; sourceTree = "<group>"; };
		1EE4571D2834D82A00ACE78F /* bg */ = {isa = PBXFileReference; lastKnownFileType = text.plist.strings; name = bg; path = "bg.lproj/Localizable-Eng.strings"; sourceTree = "<group>"; };
		1EE4571E2834D83E00ACE78F /* Localizable-Bg.strings */ = {isa = PBXFileReference; lastKnownFileType = text.plist.strings; path = "Localizable-Bg.strings"; sourceTree = "<group>"; };
/* End PBXFileReference section */

/* Begin PBXFrameworksBuildPhase section */
		1E5B2D2D282FD80200D3F5F0 /* Frameworks */ = {
			isa = PBXFrameworksBuildPhase;
			buildActionMask = 2147483647;
			files = (
			);
			runOnlyForDeploymentPostprocessing = 0;
		};
		1E5B2D42282FD80700D3F5F0 /* Frameworks */ = {
			isa = PBXFrameworksBuildPhase;
			buildActionMask = 2147483647;
			files = (
			);
			runOnlyForDeploymentPostprocessing = 0;
		};
		1E5B2D4C282FD80800D3F5F0 /* Frameworks */ = {
			isa = PBXFrameworksBuildPhase;
			buildActionMask = 2147483647;
			files = (
			);
			runOnlyForDeploymentPostprocessing = 0;
		};
/* End PBXFrameworksBuildPhase section */

/* Begin PBXGroup section */
		1E5B2D27282FD80200D3F5F0 = {
			isa = PBXGroup;
			children = (
				1E5B2D32282FD80200D3F5F0 /* SlediPari */,
				1E5B2D48282FD80700D3F5F0 /* SlediPariTests */,
				1E5B2D52282FD80800D3F5F0 /* SlediPariUITests */,
				1E5B2D31282FD80200D3F5F0 /* Products */,
			);
			sourceTree = "<group>";
		};
		1E5B2D31282FD80200D3F5F0 /* Products */ = {
			isa = PBXGroup;
			children = (
				1E5B2D30282FD80200D3F5F0 /* SlediPari.app */,
				1E5B2D45282FD80700D3F5F0 /* SlediPariTests.xctest */,
				1E5B2D4F282FD80800D3F5F0 /* SlediPariUITests.xctest */,
			);
			name = Products;
			sourceTree = "<group>";
		};
		1E5B2D32282FD80200D3F5F0 /* SlediPari */ = {
			isa = PBXGroup;
			children = (
				1EE457172834D4B300ACE78F /* Localizable */,
				1E5B2D73283054FD00D3F5F0 /* Services */,
				1E5B2D6A282FE44000D3F5F0 /* Api */,
				1E5B2D67282FE18600D3F5F0 /* Utility */,
				1E5B2D63282FD93600D3F5F0 /* Views */,
				1E5B2D62282FD92800D3F5F0 /* Models */,
				1E5B2D33282FD80200D3F5F0 /* SlediPariApp.swift */,
				1E5B2D35282FD80200D3F5F0 /* ContentView.swift */,
				1E5B2D37282FD80700D3F5F0 /* Assets.xcassets */,
				1E5B2D3C282FD80700D3F5F0 /* Persistence.swift */,
				1E5B2D3E282FD80700D3F5F0 /* SlediPari.xcdatamodeld */,
				1E5B2D39282FD80700D3F5F0 /* Preview Content */,
			);
			path = SlediPari;
			sourceTree = "<group>";
		};
		1E5B2D39282FD80700D3F5F0 /* Preview Content */ = {
			isa = PBXGroup;
			children = (
				1E5B2D3A282FD80700D3F5F0 /* Preview Assets.xcassets */,
			);
			path = "Preview Content";
			sourceTree = "<group>";
		};
		1E5B2D48282FD80700D3F5F0 /* SlediPariTests */ = {
			isa = PBXGroup;
			children = (
				1E5B2D49282FD80700D3F5F0 /* SlediPariTests.swift */,
			);
			path = SlediPariTests;
			sourceTree = "<group>";
		};
		1E5B2D52282FD80800D3F5F0 /* SlediPariUITests */ = {
			isa = PBXGroup;
			children = (
				1E5B2D53282FD80800D3F5F0 /* SlediPariUITests.swift */,
				1E5B2D55282FD80800D3F5F0 /* SlediPariUITestsLaunchTests.swift */,
			);
			path = SlediPariUITests;
			sourceTree = "<group>";
		};
		1E5B2D62282FD92800D3F5F0 /* Models */ = {
			isa = PBXGroup;
			children = (
				1E5B2D64282FD94A00D3F5F0 /* MonthDTO.swift */,
				1EE457152833E09200ACE78F /* Month.swift */,
			);
			path = Models;
			sourceTree = "<group>";
		};
		1E5B2D63282FD93600D3F5F0 /* Views */ = {
			isa = PBXGroup;
			children = (
				1E5B2D6F28304B0400D3F5F0 /* MonthView.swift */,
				1E5B2D762830CEA000D3F5F0 /* MonthsViewModel.swift */,
				1E5B2D782831986A00D3F5F0 /* PieChartView.swift */,
				1E33797128362BCA00041E1D /* SplashScreen.swift */,
				1E33797328362EE400041E1D /* GetMonthsViewModel.swift */,
				1E33797928368B3900041E1D /* InlineSpendingView.swift */,
			);
			path = Views;
			sourceTree = "<group>";
		};
		1E5B2D67282FE18600D3F5F0 /* Utility */ = {
			isa = PBXGroup;
			children = (
				1E5B2D68282FE19F00D3F5F0 /* Constants.swift */,
				1E5B2D712830507500D3F5F0 /* Extensions.swift */,
			);
			path = Utility;
			sourceTree = "<group>";
		};
		1E5B2D6A282FE44000D3F5F0 /* Api */ = {
			isa = PBXGroup;
			children = (
				1E5B2D6B282FE45900D3F5F0 /* MonthApi.swift */,
			);
			path = Api;
			sourceTree = "<group>";
		};
		1E5B2D73283054FD00D3F5F0 /* Services */ = {
			isa = PBXGroup;
			children = (
				1E5B2D742830551200D3F5F0 /* MonthService.swift */,
			);
			path = Services;
			sourceTree = "<group>";
		};
		1EE457172834D4B300ACE78F /* Localizable */ = {
			isa = PBXGroup;
			children = (
				1EE4571C2834D78E00ACE78F /* Localizable-Eng.strings */,
				1EE4571E2834D83E00ACE78F /* Localizable-Bg.strings */,
			);
			path = Localizable;
			sourceTree = "<group>";
		};
/* End PBXGroup section */

/* Begin PBXNativeTarget section */
		1E5B2D2F282FD80200D3F5F0 /* SlediPari */ = {
			isa = PBXNativeTarget;
			buildConfigurationList = 1E5B2D59282FD80800D3F5F0 /* Build configuration list for PBXNativeTarget "SlediPari" */;
			buildPhases = (
				1E5B2D2C282FD80200D3F5F0 /* Sources */,
				1E5B2D2D282FD80200D3F5F0 /* Frameworks */,
				1E5B2D2E282FD80200D3F5F0 /* Resources */,
			);
			buildRules = (
			);
			dependencies = (
			);
			name = SlediPari;
			productName = SlediPari;
			productReference = 1E5B2D30282FD80200D3F5F0 /* SlediPari.app */;
			productType = "com.apple.product-type.application";
		};
		1E5B2D44282FD80700D3F5F0 /* SlediPariTests */ = {
			isa = PBXNativeTarget;
			buildConfigurationList = 1E5B2D5C282FD80800D3F5F0 /* Build configuration list for PBXNativeTarget "SlediPariTests" */;
			buildPhases = (
				1E5B2D41282FD80700D3F5F0 /* Sources */,
				1E5B2D42282FD80700D3F5F0 /* Frameworks */,
				1E5B2D43282FD80700D3F5F0 /* Resources */,
			);
			buildRules = (
			);
			dependencies = (
				1E5B2D47282FD80700D3F5F0 /* PBXTargetDependency */,
			);
			name = SlediPariTests;
			productName = SlediPariTests;
			productReference = 1E5B2D45282FD80700D3F5F0 /* SlediPariTests.xctest */;
			productType = "com.apple.product-type.bundle.unit-test";
		};
		1E5B2D4E282FD80800D3F5F0 /* SlediPariUITests */ = {
			isa = PBXNativeTarget;
			buildConfigurationList = 1E5B2D5F282FD80800D3F5F0 /* Build configuration list for PBXNativeTarget "SlediPariUITests" */;
			buildPhases = (
				1E5B2D4B282FD80800D3F5F0 /* Sources */,
				1E5B2D4C282FD80800D3F5F0 /* Frameworks */,
				1E5B2D4D282FD80800D3F5F0 /* Resources */,
			);
			buildRules = (
			);
			dependencies = (
				1E5B2D51282FD80800D3F5F0 /* PBXTargetDependency */,
			);
			name = SlediPariUITests;
			productName = SlediPariUITests;
			productReference = 1E5B2D4F282FD80800D3F5F0 /* SlediPariUITests.xctest */;
			productType = "com.apple.product-type.bundle.ui-testing";
		};
/* End PBXNativeTarget section */

/* Begin PBXProject section */
		1E5B2D28282FD80200D3F5F0 /* Project object */ = {
			isa = PBXProject;
			attributes = {
				BuildIndependentTargetsInParallel = 1;
				LastSwiftUpdateCheck = 1330;
				LastUpgradeCheck = 1330;
				TargetAttributes = {
					1E5B2D2F282FD80200D3F5F0 = {
						CreatedOnToolsVersion = 13.3;
					};
					1E5B2D44282FD80700D3F5F0 = {
						CreatedOnToolsVersion = 13.3;
						TestTargetID = 1E5B2D2F282FD80200D3F5F0;
					};
					1E5B2D4E282FD80800D3F5F0 = {
						CreatedOnToolsVersion = 13.3;
						TestTargetID = 1E5B2D2F282FD80200D3F5F0;
					};
				};
			};
			buildConfigurationList = 1E5B2D2B282FD80200D3F5F0 /* Build configuration list for PBXProject "SlediPari" */;
			compatibilityVersion = "Xcode 13.0";
			developmentRegion = en;
			hasScannedForEncodings = 0;
			knownRegions = (
				en,
				Base,
				bg,
			);
			mainGroup = 1E5B2D27282FD80200D3F5F0;
			productRefGroup = 1E5B2D31282FD80200D3F5F0 /* Products */;
			projectDirPath = "";
			projectRoot = "";
			targets = (
				1E5B2D2F282FD80200D3F5F0 /* SlediPari */,
				1E5B2D44282FD80700D3F5F0 /* SlediPariTests */,
				1E5B2D4E282FD80800D3F5F0 /* SlediPariUITests */,
			);
		};
/* End PBXProject section */

/* Begin PBXResourcesBuildPhase section */
		1E5B2D2E282FD80200D3F5F0 /* Resources */ = {
			isa = PBXResourcesBuildPhase;
			buildActionMask = 2147483647;
			files = (
				1E5B2D3B282FD80700D3F5F0 /* Preview Assets.xcassets in Resources */,
				1EE4571A2834D78E00ACE78F /* Localizable-Eng.strings in Resources */,
				1EE4571F2834D83E00ACE78F /* Localizable-Bg.strings in Resources */,
				1E5B2D38282FD80700D3F5F0 /* Assets.xcassets in Resources */,
			);
			runOnlyForDeploymentPostprocessing = 0;
		};
		1E5B2D43282FD80700D3F5F0 /* Resources */ = {
			isa = PBXResourcesBuildPhase;
			buildActionMask = 2147483647;
			files = (
			);
			runOnlyForDeploymentPostprocessing = 0;
		};
		1E5B2D4D282FD80800D3F5F0 /* Resources */ = {
			isa = PBXResourcesBuildPhase;
			buildActionMask = 2147483647;
			files = (
			);
			runOnlyForDeploymentPostprocessing = 0;
		};
/* End PBXResourcesBuildPhase section */

/* Begin PBXSourcesBuildPhase section */
		1E5B2D2C282FD80200D3F5F0 /* Sources */ = {
			isa = PBXSourcesBuildPhase;
			buildActionMask = 2147483647;
			files = (
				1E5B2D792831986A00D3F5F0 /* PieChartView.swift in Sources */,
				1E5B2D3D282FD80700D3F5F0 /* Persistence.swift in Sources */,
				1E33797228362BCA00041E1D /* SplashScreen.swift in Sources */,
				1E5B2D722830507500D3F5F0 /* Extensions.swift in Sources */,
				1E5B2D6C282FE45900D3F5F0 /* MonthApi.swift in Sources */,
				1E33797A28368B3900041E1D /* InlineSpendingView.swift in Sources */,
				1E5B2D36282FD80200D3F5F0 /* ContentView.swift in Sources */,
				1E5B2D752830551200D3F5F0 /* MonthService.swift in Sources */,
				1E5B2D7028304B0400D3F5F0 /* MonthView.swift in Sources */,
				1E5B2D772830CEA000D3F5F0 /* MonthsViewModel.swift in Sources */,
				1E5B2D34282FD80200D3F5F0 /* SlediPariApp.swift in Sources */,
				1E33797428362EE400041E1D /* GetMonthsViewModel.swift in Sources */,
				1E5B2D65282FD94A00D3F5F0 /* MonthDTO.swift in Sources */,
				1E5B2D40282FD80700D3F5F0 /* SlediPari.xcdatamodeld in Sources */,
				1E5B2D69282FE19F00D3F5F0 /* Constants.swift in Sources */,
				1EE457162833E09200ACE78F /* Month.swift in Sources */,
			);
			runOnlyForDeploymentPostprocessing = 0;
		};
		1E5B2D41282FD80700D3F5F0 /* Sources */ = {
			isa = PBXSourcesBuildPhase;
			buildActionMask = 2147483647;
			files = (
				1E5B2D4A282FD80700D3F5F0 /* SlediPariTests.swift in Sources */,
			);
			runOnlyForDeploymentPostprocessing = 0;
		};
		1E5B2D4B282FD80800D3F5F0 /* Sources */ = {
			isa = PBXSourcesBuildPhase;
			buildActionMask = 2147483647;
			files = (
				1E5B2D56282FD80800D3F5F0 /* SlediPariUITestsLaunchTests.swift in Sources */,
				1E5B2D54282FD80800D3F5F0 /* SlediPariUITests.swift in Sources */,
			);
			runOnlyForDeploymentPostprocessing = 0;
		};
/* End PBXSourcesBuildPhase section */

/* Begin PBXTargetDependency section */
		1E5B2D47282FD80700D3F5F0 /* PBXTargetDependency */ = {
			isa = PBXTargetDependency;
			target = 1E5B2D2F282FD80200D3F5F0 /* SlediPari */;
			targetProxy = 1E5B2D46282FD80700D3F5F0 /* PBXContainerItemProxy */;
		};
		1E5B2D51282FD80800D3F5F0 /* PBXTargetDependency */ = {
			isa = PBXTargetDependency;
			target = 1E5B2D2F282FD80200D3F5F0 /* SlediPari */;
			targetProxy = 1E5B2D50282FD80800D3F5F0 /* PBXContainerItemProxy */;
		};
/* End PBXTargetDependency section */

/* Begin PBXVariantGroup section */
		1EE4571C2834D78E00ACE78F /* Localizable-Eng.strings */ = {
			isa = PBXVariantGroup;
			children = (
				1EE4571B2834D78E00ACE78F /* en */,
				1EE4571D2834D82A00ACE78F /* bg */,
			);
			name = "Localizable-Eng.strings";
			sourceTree = "<group>";
		};
/* End PBXVariantGroup section */

/* Begin XCBuildConfiguration section */
		1E5B2D57282FD80800D3F5F0 /* Debug */ = {
			isa = XCBuildConfiguration;
			buildSettings = {
				ALWAYS_SEARCH_USER_PATHS = NO;
				CLANG_ANALYZER_LOCALIZABILITY_NONLOCALIZED = YES;
				CLANG_ANALYZER_NONNULL = YES;
				CLANG_ANALYZER_NUMBER_OBJECT_CONVERSION = YES_AGGRESSIVE;
				CLANG_CXX_LANGUAGE_STANDARD = "gnu++17";
				CLANG_ENABLE_MODULES = YES;
				CLANG_ENABLE_OBJC_ARC = YES;
				CLANG_ENABLE_OBJC_WEAK = YES;
				CLANG_WARN_BLOCK_CAPTURE_AUTORELEASING = YES;
				CLANG_WARN_BOOL_CONVERSION = YES;
				CLANG_WARN_COMMA = YES;
				CLANG_WARN_CONSTANT_CONVERSION = YES;
				CLANG_WARN_DEPRECATED_OBJC_IMPLEMENTATIONS = YES;
				CLANG_WARN_DIRECT_OBJC_ISA_USAGE = YES_ERROR;
				CLANG_WARN_DOCUMENTATION_COMMENTS = YES;
				CLANG_WARN_EMPTY_BODY = YES;
				CLANG_WARN_ENUM_CONVERSION = YES;
				CLANG_WARN_INFINITE_RECURSION = YES;
				CLANG_WARN_INT_CONVERSION = YES;
				CLANG_WARN_NON_LITERAL_NULL_CONVERSION = YES;
				CLANG_WARN_OBJC_IMPLICIT_RETAIN_SELF = YES;
				CLANG_WARN_OBJC_LITERAL_CONVERSION = YES;
				CLANG_WARN_OBJC_ROOT_CLASS = YES_ERROR;
				CLANG_WARN_QUOTED_INCLUDE_IN_FRAMEWORK_HEADER = YES;
				CLANG_WARN_RANGE_LOOP_ANALYSIS = YES;
				CLANG_WARN_STRICT_PROTOTYPES = YES;
				CLANG_WARN_SUSPICIOUS_MOVE = YES;
				CLANG_WARN_UNGUARDED_AVAILABILITY = YES_AGGRESSIVE;
				CLANG_WARN_UNREACHABLE_CODE = YES;
				CLANG_WARN__DUPLICATE_METHOD_MATCH = YES;
				COPY_PHASE_STRIP = NO;
				DEBUG_INFORMATION_FORMAT = dwarf;
				ENABLE_STRICT_OBJC_MSGSEND = YES;
				ENABLE_TESTABILITY = YES;
				GCC_C_LANGUAGE_STANDARD = gnu11;
				GCC_DYNAMIC_NO_PIC = NO;
				GCC_NO_COMMON_BLOCKS = YES;
				GCC_OPTIMIZATION_LEVEL = 0;
				GCC_PREPROCESSOR_DEFINITIONS = (
					"DEBUG=1",
					"$(inherited)",
				);
				GCC_WARN_64_TO_32_BIT_CONVERSION = YES;
				GCC_WARN_ABOUT_RETURN_TYPE = YES_ERROR;
				GCC_WARN_UNDECLARED_SELECTOR = YES;
				GCC_WARN_UNINITIALIZED_AUTOS = YES_AGGRESSIVE;
				GCC_WARN_UNUSED_FUNCTION = YES;
				GCC_WARN_UNUSED_VARIABLE = YES;
				IPHONEOS_DEPLOYMENT_TARGET = 15.4;
				MTL_ENABLE_DEBUG_INFO = INCLUDE_SOURCE;
				MTL_FAST_MATH = YES;
				ONLY_ACTIVE_ARCH = YES;
				SDKROOT = iphoneos;
				SWIFT_ACTIVE_COMPILATION_CONDITIONS = DEBUG;
				SWIFT_OPTIMIZATION_LEVEL = "-Onone";
			};
			name = Debug;
		};
		1E5B2D58282FD80800D3F5F0 /* Release */ = {
			isa = XCBuildConfiguration;
			buildSettings = {
				ALWAYS_SEARCH_USER_PATHS = NO;
				CLANG_ANALYZER_LOCALIZABILITY_NONLOCALIZED = YES;
				CLANG_ANALYZER_NONNULL = YES;
				CLANG_ANALYZER_NUMBER_OBJECT_CONVERSION = YES_AGGRESSIVE;
				CLANG_CXX_LANGUAGE_STANDARD = "gnu++17";
				CLANG_ENABLE_MODULES = YES;
				CLANG_ENABLE_OBJC_ARC = YES;
				CLANG_ENABLE_OBJC_WEAK = YES;
				CLANG_WARN_BLOCK_CAPTURE_AUTORELEASING = YES;
				CLANG_WARN_BOOL_CONVERSION = YES;
				CLANG_WARN_COMMA = YES;
				CLANG_WARN_CONSTANT_CONVERSION = YES;
				CLANG_WARN_DEPRECATED_OBJC_IMPLEMENTATIONS = YES;
				CLANG_WARN_DIRECT_OBJC_ISA_USAGE = YES_ERROR;
				CLANG_WARN_DOCUMENTATION_COMMENTS = YES;
				CLANG_WARN_EMPTY_BODY = YES;
				CLANG_WARN_ENUM_CONVERSION = YES;
				CLANG_WARN_INFINITE_RECURSION = YES;
				CLANG_WARN_INT_CONVERSION = YES;
				CLANG_WARN_NON_LITERAL_NULL_CONVERSION = YES;
				CLANG_WARN_OBJC_IMPLICIT_RETAIN_SELF = YES;
				CLANG_WARN_OBJC_LITERAL_CONVERSION = YES;
				CLANG_WARN_OBJC_ROOT_CLASS = YES_ERROR;
				CLANG_WARN_QUOTED_INCLUDE_IN_FRAMEWORK_HEADER = YES;
				CLANG_WARN_RANGE_LOOP_ANALYSIS = YES;
				CLANG_WARN_STRICT_PROTOTYPES = YES;
				CLANG_WARN_SUSPICIOUS_MOVE = YES;
				CLANG_WARN_UNGUARDED_AVAILABILITY = YES_AGGRESSIVE;
				CLANG_WARN_UNREACHABLE_CODE = YES;
				CLANG_WARN__DUPLICATE_METHOD_MATCH = YES;
				COPY_PHASE_STRIP = NO;
				DEBUG_INFORMATION_FORMAT = "dwarf-with-dsym";
				ENABLE_NS_ASSERTIONS = NO;
				ENABLE_STRICT_OBJC_MSGSEND = YES;
				GCC_C_LANGUAGE_STANDARD = gnu11;
				GCC_NO_COMMON_BLOCKS = YES;
				GCC_WARN_64_TO_32_BIT_CONVERSION = YES;
				GCC_WARN_ABOUT_RETURN_TYPE = YES_ERROR;
				GCC_WARN_UNDECLARED_SELECTOR = YES;
				GCC_WARN_UNINITIALIZED_AUTOS = YES_AGGRESSIVE;
				GCC_WARN_UNUSED_FUNCTION = YES;
				GCC_WARN_UNUSED_VARIABLE = YES;
				IPHONEOS_DEPLOYMENT_TARGET = 15.4;
				MTL_ENABLE_DEBUG_INFO = NO;
				MTL_FAST_MATH = YES;
				SDKROOT = iphoneos;
				SWIFT_COMPILATION_MODE = wholemodule;
				SWIFT_OPTIMIZATION_LEVEL = "-O";
				VALIDATE_PRODUCT = YES;
			};
			name = Release;
		};
		1E5B2D5A282FD80800D3F5F0 /* Debug */ = {
			isa = XCBuildConfiguration;
			buildSettings = {
				ASSETCATALOG_COMPILER_APPICON_NAME = AppIcon;
				ASSETCATALOG_COMPILER_GLOBAL_ACCENT_COLOR_NAME = AccentColor;
				CODE_SIGN_STYLE = Automatic;
				CURRENT_PROJECT_VERSION = 1;
				DEVELOPMENT_ASSET_PATHS = "\"SlediPari/Preview Content\"";
				DEVELOPMENT_TEAM = UJT3VRF3G5;
				ENABLE_PREVIEWS = YES;
				GENERATE_INFOPLIST_FILE = YES;
				INFOPLIST_KEY_UIApplicationSceneManifest_Generation = YES;
				INFOPLIST_KEY_UIApplicationSupportsIndirectInputEvents = YES;
				INFOPLIST_KEY_UILaunchScreen_Generation = YES;
				INFOPLIST_KEY_UISupportedInterfaceOrientations_iPad = "UIInterfaceOrientationPortrait UIInterfaceOrientationPortraitUpsideDown UIInterfaceOrientationLandscapeLeft UIInterfaceOrientationLandscapeRight";
				INFOPLIST_KEY_UISupportedInterfaceOrientations_iPhone = "UIInterfaceOrientationPortrait UIInterfaceOrientationLandscapeLeft UIInterfaceOrientationLandscapeRight";
				LD_RUNPATH_SEARCH_PATHS = (
					"$(inherited)",
					"@executable_path/Frameworks",
				);
				MARKETING_VERSION = 1.0;
				PRODUCT_BUNDLE_IDENTIFIER = com.async.await.SlediPari;
				PRODUCT_NAME = "$(TARGET_NAME)";
				SWIFT_EMIT_LOC_STRINGS = YES;
				SWIFT_VERSION = 5.0;
				TARGETED_DEVICE_FAMILY = "1,2";
			};
			name = Debug;
		};
		1E5B2D5B282FD80800D3F5F0 /* Release */ = {
			isa = XCBuildConfiguration;
			buildSettings = {
				ASSETCATALOG_COMPILER_APPICON_NAME = AppIcon;
				ASSETCATALOG_COMPILER_GLOBAL_ACCENT_COLOR_NAME = AccentColor;
				CODE_SIGN_STYLE = Automatic;
				CURRENT_PROJECT_VERSION = 1;
				DEVELOPMENT_ASSET_PATHS = "\"SlediPari/Preview Content\"";
				DEVELOPMENT_TEAM = UJT3VRF3G5;
				ENABLE_PREVIEWS = YES;
				GENERATE_INFOPLIST_FILE = YES;
				INFOPLIST_KEY_UIApplicationSceneManifest_Generation = YES;
				INFOPLIST_KEY_UIApplicationSupportsIndirectInputEvents = YES;
				INFOPLIST_KEY_UILaunchScreen_Generation = YES;
				INFOPLIST_KEY_UISupportedInterfaceOrientations_iPad = "UIInterfaceOrientationPortrait UIInterfaceOrientationPortraitUpsideDown UIInterfaceOrientationLandscapeLeft UIInterfaceOrientationLandscapeRight";
				INFOPLIST_KEY_UISupportedInterfaceOrientations_iPhone = "UIInterfaceOrientationPortrait UIInterfaceOrientationLandscapeLeft UIInterfaceOrientationLandscapeRight";
				LD_RUNPATH_SEARCH_PATHS = (
					"$(inherited)",
					"@executable_path/Frameworks",
				);
				MARKETING_VERSION = 1.0;
				PRODUCT_BUNDLE_IDENTIFIER = com.async.await.SlediPari;
				PRODUCT_NAME = "$(TARGET_NAME)";
				SWIFT_EMIT_LOC_STRINGS = YES;
				SWIFT_VERSION = 5.0;
				TARGETED_DEVICE_FAMILY = "1,2";
			};
			name = Release;
		};
		1E5B2D5D282FD80800D3F5F0 /* Debug */ = {
			isa = XCBuildConfiguration;
			buildSettings = {
				ALWAYS_EMBED_SWIFT_STANDARD_LIBRARIES = YES;
				BUNDLE_LOADER = "$(TEST_HOST)";
				CODE_SIGN_STYLE = Automatic;
				CURRENT_PROJECT_VERSION = 1;
				GENERATE_INFOPLIST_FILE = YES;
				IPHONEOS_DEPLOYMENT_TARGET = 15.4;
				MARKETING_VERSION = 1.0;
				PRODUCT_BUNDLE_IDENTIFIER = com.async.await.SlediPariTests;
				PRODUCT_NAME = "$(TARGET_NAME)";
				SWIFT_EMIT_LOC_STRINGS = NO;
				SWIFT_VERSION = 5.0;
				TARGETED_DEVICE_FAMILY = "1,2";
				TEST_HOST = "$(BUILT_PRODUCTS_DIR)/SlediPari.app/SlediPari";
			};
			name = Debug;
		};
		1E5B2D5E282FD80800D3F5F0 /* Release */ = {
			isa = XCBuildConfiguration;
			buildSettings = {
				ALWAYS_EMBED_SWIFT_STANDARD_LIBRARIES = YES;
				BUNDLE_LOADER = "$(TEST_HOST)";
				CODE_SIGN_STYLE = Automatic;
				CURRENT_PROJECT_VERSION = 1;
				GENERATE_INFOPLIST_FILE = YES;
				IPHONEOS_DEPLOYMENT_TARGET = 15.4;
				MARKETING_VERSION = 1.0;
				PRODUCT_BUNDLE_IDENTIFIER = com.async.await.SlediPariTests;
				PRODUCT_NAME = "$(TARGET_NAME)";
				SWIFT_EMIT_LOC_STRINGS = NO;
				SWIFT_VERSION = 5.0;
				TARGETED_DEVICE_FAMILY = "1,2";
				TEST_HOST = "$(BUILT_PRODUCTS_DIR)/SlediPari.app/SlediPari";
			};
			name = Release;
		};
		1E5B2D60282FD80800D3F5F0 /* Debug */ = {
			isa = XCBuildConfiguration;
			buildSettings = {
				ALWAYS_EMBED_SWIFT_STANDARD_LIBRARIES = YES;
				CODE_SIGN_STYLE = Automatic;
				CURRENT_PROJECT_VERSION = 1;
				GENERATE_INFOPLIST_FILE = YES;
				MARKETING_VERSION = 1.0;
				PRODUCT_BUNDLE_IDENTIFIER = com.async.await.SlediPariUITests;
				PRODUCT_NAME = "$(TARGET_NAME)";
				SWIFT_EMIT_LOC_STRINGS = NO;
				SWIFT_VERSION = 5.0;
				TARGETED_DEVICE_FAMILY = "1,2";
				TEST_TARGET_NAME = SlediPari;
			};
			name = Debug;
		};
		1E5B2D61282FD80800D3F5F0 /* Release */ = {
			isa = XCBuildConfiguration;
			buildSettings = {
				ALWAYS_EMBED_SWIFT_STANDARD_LIBRARIES = YES;
				CODE_SIGN_STYLE = Automatic;
				CURRENT_PROJECT_VERSION = 1;
				GENERATE_INFOPLIST_FILE = YES;
				MARKETING_VERSION = 1.0;
				PRODUCT_BUNDLE_IDENTIFIER = com.async.await.SlediPariUITests;
				PRODUCT_NAME = "$(TARGET_NAME)";
				SWIFT_EMIT_LOC_STRINGS = NO;
				SWIFT_VERSION = 5.0;
				TARGETED_DEVICE_FAMILY = "1,2";
				TEST_TARGET_NAME = SlediPari;
			};
			name = Release;
		};
/* End XCBuildConfiguration section */

/* Begin XCConfigurationList section */
		1E5B2D2B282FD80200D3F5F0 /* Build configuration list for PBXProject "SlediPari" */ = {
			isa = XCConfigurationList;
			buildConfigurations = (
				1E5B2D57282FD80800D3F5F0 /* Debug */,
				1E5B2D58282FD80800D3F5F0 /* Release */,
			);
			defaultConfigurationIsVisible = 0;
			defaultConfigurationName = Release;
		};
		1E5B2D59282FD80800D3F5F0 /* Build configuration list for PBXNativeTarget "SlediPari" */ = {
			isa = XCConfigurationList;
			buildConfigurations = (
				1E5B2D5A282FD80800D3F5F0 /* Debug */,
				1E5B2D5B282FD80800D3F5F0 /* Release */,
			);
			defaultConfigurationIsVisible = 0;
			defaultConfigurationName = Release;
		};
		1E5B2D5C282FD80800D3F5F0 /* Build configuration list for PBXNativeTarget "SlediPariTests" */ = {
			isa = XCConfigurationList;
			buildConfigurations = (
				1E5B2D5D282FD80800D3F5F0 /* Debug */,
				1E5B2D5E282FD80800D3F5F0 /* Release */,
			);
			defaultConfigurationIsVisible = 0;
			defaultConfigurationName = Release;
		};
		1E5B2D5F282FD80800D3F5F0 /* Build configuration list for PBXNativeTarget "SlediPariUITests" */ = {
			isa = XCConfigurationList;
			buildConfigurations = (
				1E5B2D60282FD80800D3F5F0 /* Debug */,
				1E5B2D61282FD80800D3F5F0 /* Release */,
			);
			defaultConfigurationIsVisible = 0;
			defaultConfigurationName = Release;
		};
/* End XCConfigurationList section */

/* Begin XCVersionGroup section */
		1E5B2D3E282FD80700D3F5F0 /* SlediPari.xcdatamodeld */ = {
			isa = XCVersionGroup;
			children = (
				1E5B2D3F282FD80700D3F5F0 /* SlediPari.xcdatamodel */,
			);
			currentVersion = 1E5B2D3F282FD80700D3F5F0 /* SlediPari.xcdatamodel */;
			path = SlediPari.xcdatamodeld;
			sourceTree = "<group>";
			versionGroupType = wrapper.xcdatamodel;
		};
/* End XCVersionGroup section */
	};
	rootObject = 1E5B2D28282FD80200D3F5F0 /* Project object */;
}
